
Microsoft Visual Studio Solution File, Format Version 12.00
# Visual Studio Version 17
VisualStudioVersion = 17.5.002.0
MinimumVisualStudioVersion = 10.0.40219.1
Project("{9A19103F-16F7-4668-BE54-9A1E7A4F7556}") = "Markdown_to_html", "Markdown_to_html.csproj", "{EF6F0110-757E-4998-9B41-DEC56F60A7DC}"
EndProject
Global
	GlobalSection(SolutionConfigurationPlatforms) = preSolution
		Debug|Any CPU = Debug|Any CPU
		Release|Any CPU = Release|Any CPU
	EndGlobalSection
	GlobalSection(ProjectConfigurationPlatforms) = postSolution
		{EF6F0110-757E-4998-9B41-DEC56F60A7DC}.Debug|Any CPU.ActiveCfg = Debug|Any CPU
		{EF6F0110-757E-4998-9B41-DEC56F60A7DC}.Debug|Any CPU.Build.0 = Debug|Any CPU
		{EF6F0110-757E-4998-9B41-DEC56F60A7DC}.Release|Any CPU.ActiveCfg = Release|Any CPU
		{EF6F0110-757E-4998-9B41-DEC56F60A7DC}.Release|Any CPU.Build.0 = Release|Any CPU
	EndGlobalSection
	GlobalSection(SolutionProperties) = preSolution
		HideSolutionNode = FALSE
	EndGlobalSection
	GlobalSection(ExtensibilityGlobals) = postSolution
		SolutionGuid = {53D73881-EF8A-499B-B733-933A7411DA7C}
	EndGlobalSection
EndGlobal
